
Microsoft Visual Studio Solution File, Format Version 12.00
# Visual Studio 15
VisualStudioVersion = 15.0.27130.2036
MinimumVisualStudioVersion = 10.0.40219.1
Project("{FAE04EC0-301F-11D3-BF4B-00C04F79EFBC}") = "Lab2_API", "Lab2_API\Lab2_API.csproj", "{601D17AC-E9A3-4DD0-B9D1-00841FC9F0C0}"
EndProject
Global
	GlobalSection(SolutionConfigurationPlatforms) = preSolution
		Debug|Any CPU = Debug|Any CPU
		Release|Any CPU = Release|Any CPU
	EndGlobalSection
	GlobalSection(ProjectConfigurationPlatforms) = postSolution
		{601D17AC-E9A3-4DD0-B9D1-00841FC9F0C0}.Debug|Any CPU.ActiveCfg = Debug|Any CPU
		{601D17AC-E9A3-4DD0-B9D1-00841FC9F0C0}.Debug|Any CPU.Build.0 = Debug|Any CPU
		{601D17AC-E9A3-4DD0-B9D1-00841FC9F0C0}.Release|Any CPU.ActiveCfg = Release|Any CPU
		{601D17AC-E9A3-4DD0-B9D1-00841FC9F0C0}.Release|Any CPU.Build.0 = Release|Any CPU
	EndGlobalSection
	GlobalSection(SolutionProperties) = preSolution
		HideSolutionNode = FALSE
	EndGlobalSection
	GlobalSection(ExtensibilityGlobals) = postSolution
		SolutionGuid = {77D04AC0-43FE-442A-82E0-F013B7B7652B}
	EndGlobalSection
EndGlobal
